
Microsoft Visual Studio Solution File, Format Version 12.00
Project("{FAE04EC0-301F-11D3-BF4B-00C04F79EFBC}") = "PGRManualServer", "PGRManualServer\PGRManualServer.csproj", "{A39D1EF5-1265-4B78-8496-9F4E9FA08685}"
EndProject
Global
	GlobalSection(SolutionConfigurationPlatforms) = preSolution
		Debug|Any CPU = Debug|Any CPU
		Release|Any CPU = Release|Any CPU
	EndGlobalSection
	GlobalSection(ProjectConfigurationPlatforms) = postSolution
		{A39D1EF5-1265-4B78-8496-9F4E9FA08685}.Debug|Any CPU.ActiveCfg = Debug|Any CPU
		{A39D1EF5-1265-4B78-8496-9F4E9FA08685}.Debug|Any CPU.Build.0 = Debug|Any CPU
		{A39D1EF5-1265-4B78-8496-9F4E9FA08685}.Release|Any CPU.ActiveCfg = Release|Any CPU
		{A39D1EF5-1265-4B78-8496-9F4E9FA08685}.Release|Any CPU.Build.0 = Release|Any CPU
	EndGlobalSection
EndGlobal
